
Microsoft Visual Studio Solution File, Format Version 12.00
# Visual Studio Version 16
VisualStudioVersion = 16.0.31702.278
MinimumVisualStudioVersion = 10.0.40219.1
Project("{9A19103F-16F7-4668-BE54-9A1E7A4F7556}") = "pz_5", "pz_5\pz_5.csproj", "{BCD2C9CC-9B68-41C7-878A-27B26D56A333}"
EndProject
Project("{9A19103F-16F7-4668-BE54-9A1E7A4F7556}") = "pz_6", "pz_6\pz_6.csproj", "{1A3E472C-D696-40F7-B08F-92CBF3CFB154}"
EndProject
Project("{9A19103F-16F7-4668-BE54-9A1E7A4F7556}") = "pz_8", "pz_8\pz_8.csproj", "{537C4C35-7520-4F93-B31B-1829FF447307}"
EndProject
Project("{9A19103F-16F7-4668-BE54-9A1E7A4F7556}") = "pz_9", "pz_9\pz_9.csproj", "{331BFD05-013D-4E42-8520-20A037C8B617}"
EndProject
Project("{9A19103F-16F7-4668-BE54-9A1E7A4F7556}") = "pz_11", "pz_11\pz_11.csproj", "{3E2D3A62-374B-4033-BAD4-C48AF22224B2}"
EndProject
Project("{9A19103F-16F7-4668-BE54-9A1E7A4F7556}") = "pz_12", "pz_12\pz_12.csproj", "{F647DBCD-0F14-4EDB-9136-5BC1342EB244}"
EndProject
Project("{9A19103F-16F7-4668-BE54-9A1E7A4F7556}") = "pz_13", "pz_13\pz_13.csproj", "{DB176582-E557-4DAC-9334-C15430126EDF}"
EndProject
Project("{9A19103F-16F7-4668-BE54-9A1E7A4F7556}") = "pz_14", "pz_14\pz_14.csproj", "{128FD0CD-3F4A-4380-93CB-1DD57A468C06}"
EndProject
Project("{FAE04EC0-301F-11D3-BF4B-00C04F79EFBC}") = "pz_15", "pz_15\pz_15.csproj", "{608B26E5-2D63-4634-8662-5235C425C6EA}"
EndProject
Global
	GlobalSection(SolutionConfigurationPlatforms) = preSolution
		Debug|Any CPU = Debug|Any CPU
		Release|Any CPU = Release|Any CPU
	EndGlobalSection
	GlobalSection(ProjectConfigurationPlatforms) = postSolution
		{BCD2C9CC-9B68-41C7-878A-27B26D56A333}.Debug|Any CPU.ActiveCfg = Debug|Any CPU
		{BCD2C9CC-9B68-41C7-878A-27B26D56A333}.Debug|Any CPU.Build.0 = Debug|Any CPU
		{BCD2C9CC-9B68-41C7-878A-27B26D56A333}.Release|Any CPU.ActiveCfg = Release|Any CPU
		{BCD2C9CC-9B68-41C7-878A-27B26D56A333}.Release|Any CPU.Build.0 = Release|Any CPU
		{1A3E472C-D696-40F7-B08F-92CBF3CFB154}.Debug|Any CPU.ActiveCfg = Debug|Any CPU
		{1A3E472C-D696-40F7-B08F-92CBF3CFB154}.Debug|Any CPU.Build.0 = Debug|Any CPU
		{1A3E472C-D696-40F7-B08F-92CBF3CFB154}.Release|Any CPU.ActiveCfg = Release|Any CPU
		{1A3E472C-D696-40F7-B08F-92CBF3CFB154}.Release|Any CPU.Build.0 = Release|Any CPU
		{537C4C35-7520-4F93-B31B-1829FF447307}.Debug|Any CPU.ActiveCfg = Debug|Any CPU
		{537C4C35-7520-4F93-B31B-1829FF447307}.Debug|Any CPU.Build.0 = Debug|Any CPU
		{537C4C35-7520-4F93-B31B-1829FF447307}.Release|Any CPU.ActiveCfg = Release|Any CPU
		{537C4C35-7520-4F93-B31B-1829FF447307}.Release|Any CPU.Build.0 = Release|Any CPU
		{331BFD05-013D-4E42-8520-20A037C8B617}.Debug|Any CPU.ActiveCfg = Debug|Any CPU
		{331BFD05-013D-4E42-8520-20A037C8B617}.Debug|Any CPU.Build.0 = Debug|Any CPU
		{331BFD05-013D-4E42-8520-20A037C8B617}.Release|Any CPU.ActiveCfg = Release|Any CPU
		{331BFD05-013D-4E42-8520-20A037C8B617}.Release|Any CPU.Build.0 = Release|Any CPU
		{3E2D3A62-374B-4033-BAD4-C48AF22224B2}.Debug|Any CPU.ActiveCfg = Debug|Any CPU
		{3E2D3A62-374B-4033-BAD4-C48AF22224B2}.Debug|Any CPU.Build.0 = Debug|Any CPU
		{3E2D3A62-374B-4033-BAD4-C48AF22224B2}.Release|Any CPU.ActiveCfg = Release|Any CPU
		{3E2D3A62-374B-4033-BAD4-C48AF22224B2}.Release|Any CPU.Build.0 = Release|Any CPU
		{F647DBCD-0F14-4EDB-9136-5BC1342EB244}.Debug|Any CPU.ActiveCfg = Debug|Any CPU
		{F647DBCD-0F14-4EDB-9136-5BC1342EB244}.Debug|Any CPU.Build.0 = Debug|Any CPU
		{F647DBCD-0F14-4EDB-9136-5BC1342EB244}.Release|Any CPU.ActiveCfg = Release|Any CPU
		{F647DBCD-0F14-4EDB-9136-5BC1342EB244}.Release|Any CPU.Build.0 = Release|Any CPU
		{DB176582-E557-4DAC-9334-C15430126EDF}.Debug|Any CPU.ActiveCfg = Debug|Any CPU
		{DB176582-E557-4DAC-9334-C15430126EDF}.Debug|Any CPU.Build.0 = Debug|Any CPU
		{DB176582-E557-4DAC-9334-C15430126EDF}.Release|Any CPU.ActiveCfg = Release|Any CPU
		{DB176582-E557-4DAC-9334-C15430126EDF}.Release|Any CPU.Build.0 = Release|Any CPU
		{128FD0CD-3F4A-4380-93CB-1DD57A468C06}.Debug|Any CPU.ActiveCfg = Debug|Any CPU
		{128FD0CD-3F4A-4380-93CB-1DD57A468C06}.Debug|Any CPU.Build.0 = Debug|Any CPU
		{128FD0CD-3F4A-4380-93CB-1DD57A468C06}.Release|Any CPU.ActiveCfg = Release|Any CPU
		{128FD0CD-3F4A-4380-93CB-1DD57A468C06}.Release|Any CPU.Build.0 = Release|Any CPU
		{608B26E5-2D63-4634-8662-5235C425C6EA}.Debug|Any CPU.ActiveCfg = Debug|Any CPU
		{608B26E5-2D63-4634-8662-5235C425C6EA}.Debug|Any CPU.Build.0 = Debug|Any CPU
		{608B26E5-2D63-4634-8662-5235C425C6EA}.Release|Any CPU.ActiveCfg = Release|Any CPU
		{608B26E5-2D63-4634-8662-5235C425C6EA}.Release|Any CPU.Build.0 = Release|Any CPU
	EndGlobalSection
	GlobalSection(SolutionProperties) = preSolution
		HideSolutionNode = FALSE
	EndGlobalSection
	GlobalSection(ExtensibilityGlobals) = postSolution
		SolutionGuid = {E809EE3E-67B2-42C0-9242-F99EDEA43393}
	EndGlobalSection
EndGlobal
